# THIS IS AN AUTOGENERATED FILE. DO NOT EDIT THIS FILE DIRECTLY.
# yarn lockfile v1


install@^0.12.2:
  version "0.12.2"
  resolved "https://registry.yarnpkg.com/install/-/install-0.12.2.tgz#ea10e9b2cbb5b0484f25080b24b5b34429d9f564"
  integrity sha512-+7thTb4Rpvs9mnlhHKGZFJbGOO6kyMgy+gg0sgM5vFzIFK0wrCYXqdlaM71Bi289DTuPHf61puMFsaZBcwDIrg==

lokijs@^1.5.5:
  version "1.5.5"
  resolved "https://registry.yarnpkg.com/lokijs/-/lokijs-1.5.5.tgz#1c21f82af7579037fade7b9e4813485c23708bb6"
  integrity sha1-HCH4KvdXkDf63nueSBNIXCNwi7Y=
